
Microsoft Visual Studio Solution File, Format Version 12.00
# Visual Studio 2012
Project("{2150E333-8FDC-42A3-9474-1A3956D46DE8}") = "Solution Items", "Solution Items", "{0209E300-4BEA-415A-8D3B-B3AE8FF7D982}"
	ProjectSection(SolutionItems) = preProject
		Local.testsettings = Local.testsettings
		NTRquizzes.vsmdi = NTRquizzes.vsmdi
		TraceAndTestImpact.testsettings = TraceAndTestImpact.testsettings
	EndProjectSection
EndProject
Project("{FAE04EC0-301F-11D3-BF4B-00C04F79EFBC}") = "NTRquizzes", "NTRquizzes\NTRquizzes.csproj", "{516D2AB1-3C28-43D9-9337-7E74ACD9DBBE}"
EndProject
Project("{FAE04EC0-301F-11D3-BF4B-00C04F79EFBC}") = "NTRquizzes.Tests", "NTRquizzes.Tests\NTRquizzes.Tests.csproj", "{C5A3A574-D7E0-485C-870E-99EB979E9405}"
EndProject
Project("{FAE04EC0-301F-11D3-BF4B-00C04F79EFBC}") = "NTRsearch.web", "NTRsearch.web\NTRsearch.web.csproj", "{A0E3F17E-77E8-49C9-A03D-88FB70EF63D1}"
EndProject
Project("{FAE04EC0-301F-11D3-BF4B-00C04F79EFBC}") = "NTRsearch.DAL", "NTRsearch.DAL\NTRsearch.DAL.csproj", "{063BFBF2-CF1F-4485-932F-01D74B5A38FC}"
EndProject
Global
	GlobalSection(TestCaseManagementSettings) = postSolution
		CategoryFile = NTRquizzes.vsmdi
	EndGlobalSection
	GlobalSection(SolutionConfigurationPlatforms) = preSolution
		Debug|Any CPU = Debug|Any CPU
		Release|Any CPU = Release|Any CPU
	EndGlobalSection
	GlobalSection(ProjectConfigurationPlatforms) = postSolution
		{516D2AB1-3C28-43D9-9337-7E74ACD9DBBE}.Debug|Any CPU.ActiveCfg = Debug|Any CPU
		{516D2AB1-3C28-43D9-9337-7E74ACD9DBBE}.Debug|Any CPU.Build.0 = Debug|Any CPU
		{516D2AB1-3C28-43D9-9337-7E74ACD9DBBE}.Release|Any CPU.ActiveCfg = Release|Any CPU
		{516D2AB1-3C28-43D9-9337-7E74ACD9DBBE}.Release|Any CPU.Build.0 = Release|Any CPU
		{C5A3A574-D7E0-485C-870E-99EB979E9405}.Debug|Any CPU.ActiveCfg = Debug|Any CPU
		{C5A3A574-D7E0-485C-870E-99EB979E9405}.Debug|Any CPU.Build.0 = Debug|Any CPU
		{C5A3A574-D7E0-485C-870E-99EB979E9405}.Release|Any CPU.ActiveCfg = Release|Any CPU
		{C5A3A574-D7E0-485C-870E-99EB979E9405}.Release|Any CPU.Build.0 = Release|Any CPU
		{A0E3F17E-77E8-49C9-A03D-88FB70EF63D1}.Debug|Any CPU.ActiveCfg = Debug|Any CPU
		{A0E3F17E-77E8-49C9-A03D-88FB70EF63D1}.Debug|Any CPU.Build.0 = Debug|Any CPU
		{A0E3F17E-77E8-49C9-A03D-88FB70EF63D1}.Release|Any CPU.ActiveCfg = Release|Any CPU
		{A0E3F17E-77E8-49C9-A03D-88FB70EF63D1}.Release|Any CPU.Build.0 = Release|Any CPU
		{063BFBF2-CF1F-4485-932F-01D74B5A38FC}.Debug|Any CPU.ActiveCfg = Debug|Any CPU
		{063BFBF2-CF1F-4485-932F-01D74B5A38FC}.Debug|Any CPU.Build.0 = Debug|Any CPU
		{063BFBF2-CF1F-4485-932F-01D74B5A38FC}.Release|Any CPU.ActiveCfg = Release|Any CPU
		{063BFBF2-CF1F-4485-932F-01D74B5A38FC}.Release|Any CPU.Build.0 = Release|Any CPU
	EndGlobalSection
	GlobalSection(SolutionProperties) = preSolution
		HideSolutionNode = FALSE
	EndGlobalSection
	GlobalSection(ExtensibilityGlobals) = postSolution
		EnterpriseLibraryConfigurationToolBinariesPath = packages\Unity.2.1.505.2\lib\NET35
	EndGlobalSection
EndGlobal
